{
  "name": "UI",
  "lockfileVersion": 2,
  "requires": true,
  "packages": {
    "": {
      "dependencies": {
        "@angular/animations": "^15.0.1",
        "font-awesome": "^4.7.0",
        "ng2-file-upload": "^3.0.0",
        "ngx-toastr": "^14.3.0"
      }
    },
    "node_modules/@angular/animations": {
      "version": "15.0.3",
      "resolved": "https://registry.npmjs.org/@angular/animations/-/animations-15.0.3.tgz",
      "integrity": "sha512-kwUprQMjMvMawpyd5aLzW9DWLd7grlzm4ut4YIqXRf1UJm35KsTjwhvQWNj481u2gUjKxD2rBfkVakyzW5Na3A==",
      "dependencies": {
        "tslib": "^2.3.0"
      },
      "engines": {
        "node": "^14.20.0 || ^16.13.0 || >=18.10.0"
      },
      "peerDependencies": {
        "@angular/core": "15.0.3"
      }
    },
    "node_modules/font-awesome": {
      "version": "4.7.0",
      "resolved": "https://registry.npmjs.org/font-awesome/-/font-awesome-4.7.0.tgz",
      "integrity": "sha512-U6kGnykA/6bFmg1M/oT9EkFeIYv7JlX3bozwQJWiiLz6L0w3F5vBVPxHlwyX/vtNq1ckcpRKOB9f2Qal/VtFpg==",
      "engines": {
        "node": ">=0.10.3"
      }
    },
    "node_modules/ng2-file-upload": {
      "version": "3.0.0",
      "resolved": "https://registry.npmjs.org/ng2-file-upload/-/ng2-file-upload-3.0.0.tgz",
      "integrity": "sha512-Xz7Pa9bC9loZ7eu1EzdAyPb3dpLbGe1G1nHgf+YUvtqQepxdQ3OBtd04Jbg3yx8r+nhi8tKGmdajsBAkeA87rA==",
      "dependencies": {
        "tslib": "^2.3.0"
      },
      "peerDependencies": {
        "@angular/common": "^14.0.0",
        "@angular/core": "^14.0.0"
      }
    },
    "node_modules/ngx-toastr": {
      "version": "14.3.0",
      "resolved": "https://registry.npmjs.org/ngx-toastr/-/ngx-toastr-14.3.0.tgz",
      "integrity": "sha512-d8j/sOr60w5U7rGlcKQ0Ff4u+m2NzhqU5ZdJXn7QW3aR3Zf/rY7/Fd14BmUindTOWVr2NeTYcQXCjLpir0ldpA==",
      "dependencies": {
        "tslib": "^2.3.0"
      },
      "peerDependencies": {
        "@angular/common": ">=12.0.0-0",
        "@angular/core": ">=12.0.0-0",
        "@angular/platform-browser": ">=12.0.0-0"
      }
    },
    "node_modules/tslib": {
      "version": "2.4.1",
      "resolved": "https://registry.npmjs.org/tslib/-/tslib-2.4.1.tgz",
      "integrity": "sha512-tGyy4dAjRIEwI7BzsB0lynWgOpfqjUdq91XXAlIWD2OwKBH7oCl/GZG/HT4BOHrTlPMOASlMQ7veyTqpmRcrNA=="
    }
  },
  "dependencies": {
    "@angular/animations": {
      "version": "15.0.3",
      "resolved": "https://registry.npmjs.org/@angular/animations/-/animations-15.0.3.tgz",
      "integrity": "sha512-kwUprQMjMvMawpyd5aLzW9DWLd7grlzm4ut4YIqXRf1UJm35KsTjwhvQWNj481u2gUjKxD2rBfkVakyzW5Na3A==",
      "requires": {
        "tslib": "^2.3.0"
      }
    },
    "font-awesome": {
      "version": "4.7.0",
      "resolved": "https://registry.npmjs.org/font-awesome/-/font-awesome-4.7.0.tgz",
      "integrity": "sha512-U6kGnykA/6bFmg1M/oT9EkFeIYv7JlX3bozwQJWiiLz6L0w3F5vBVPxHlwyX/vtNq1ckcpRKOB9f2Qal/VtFpg=="
    },
    "ng2-file-upload": {
      "version": "3.0.0",
      "resolved": "https://registry.npmjs.org/ng2-file-upload/-/ng2-file-upload-3.0.0.tgz",
      "integrity": "sha512-Xz7Pa9bC9loZ7eu1EzdAyPb3dpLbGe1G1nHgf+YUvtqQepxdQ3OBtd04Jbg3yx8r+nhi8tKGmdajsBAkeA87rA==",
      "requires": {
        "tslib": "^2.3.0"
      }
    },
    "ngx-toastr": {
      "version": "14.3.0",
      "resolved": "https://registry.npmjs.org/ngx-toastr/-/ngx-toastr-14.3.0.tgz",
      "integrity": "sha512-d8j/sOr60w5U7rGlcKQ0Ff4u+m2NzhqU5ZdJXn7QW3aR3Zf/rY7/Fd14BmUindTOWVr2NeTYcQXCjLpir0ldpA==",
      "requires": {
        "tslib": "^2.3.0"
      }
    },
    "tslib": {
      "version": "2.4.1",
      "resolved": "https://registry.npmjs.org/tslib/-/tslib-2.4.1.tgz",
      "integrity": "sha512-tGyy4dAjRIEwI7BzsB0lynWgOpfqjUdq91XXAlIWD2OwKBH7oCl/GZG/HT4BOHrTlPMOASlMQ7veyTqpmRcrNA=="
    }
  }
}
